
Microsoft Visual Studio Solution File, Format Version 12.00
# Visual Studio Version 16
VisualStudioVersion = 16.0.29709.97
MinimumVisualStudioVersion = 10.0.40219.1
Project("{FAE04EC0-301F-11D3-BF4B-00C04F79EFBC}") = "Struct_2", "Struct_2\Struct_2.csproj", "{3B02A27D-E458-40BF-83C7-11A55642D747}"
EndProject
Global
	GlobalSection(SolutionConfigurationPlatforms) = preSolution
		Debug|Any CPU = Debug|Any CPU
		Release|Any CPU = Release|Any CPU
	EndGlobalSection
	GlobalSection(ProjectConfigurationPlatforms) = postSolution
		{3B02A27D-E458-40BF-83C7-11A55642D747}.Debug|Any CPU.ActiveCfg = Debug|Any CPU
		{3B02A27D-E458-40BF-83C7-11A55642D747}.Debug|Any CPU.Build.0 = Debug|Any CPU
		{3B02A27D-E458-40BF-83C7-11A55642D747}.Release|Any CPU.ActiveCfg = Release|Any CPU
		{3B02A27D-E458-40BF-83C7-11A55642D747}.Release|Any CPU.Build.0 = Release|Any CPU
	EndGlobalSection
	GlobalSection(SolutionProperties) = preSolution
		HideSolutionNode = FALSE
	EndGlobalSection
	GlobalSection(ExtensibilityGlobals) = postSolution
		SolutionGuid = {1423D84F-C9BC-413C-918C-9C4013F925F5}
	EndGlobalSection
EndGlobal
